version = 1
revision = 3
requires-python = "==3.9.*"

[[package]]
name = "anyio"
version = "4.12.1"
source = { registry = "https://pypi.org/simple" }
dependencies = [
    { name = "exceptiongroup" },
    { name = "idna" },
    { name = "typing-extensions" },
]
sdist = { url = "https://files.pythonhosted.org/packages/96/f0/5eb65b2bb0d09ac6776f2eb54adee6abe8228ea05b20a5ad0e4945de8aac/anyio-4.12.1.tar.gz", hash = "sha256:41cfcc3a4c85d3f05c932da7c26d0201ac36f72abd4435ba90d0464a3ffed703", size = 228685, upload-time = "2026-01-06T11:45:21.246Z" }
wheels = [
    { url = "https://files.pythonhosted.org/packages/38/0e/27be9fdef66e72d64c0cdc3cc2823101b80585f8119b5c112c2e8f5f7dab/anyio-4.12.1-py3-none-any.whl", hash = "sha256:d405828884fc140aa80a3c667b8beed277f1dfedec42ba031bd6ac3db606ab6c", size = 113592, upload-time = "2026-01-06T11:45:19.497Z" },
]

[[package]]
name = "attrs"
version = "25.4.0"
source = { registry = "https://pypi.org/simple" }
sdist = { url = "https://files.pythonhosted.org/packages/6b/5c/685e6633917e101e5dcb62b9dd76946cbb57c26e133bae9e0cd36033c0a9/attrs-25.4.0.tar.gz", hash = "sha256:16d5969b87f0859ef33a48b35d55ac1be6e42ae49d5e853b597db70c35c57e11", size = 934251, upload-time = "2025-10-06T13:54:44.725Z" }
wheels = [
    { url = "https://files.pythonhosted.org/packages/3a/2a/7cc015f5b9f5db42b7d48157e23356022889fc354a2813c15934b7cb5c0e/attrs-25.4.0-py3-none-any.whl", hash = "sha256:adcf7e2a1fb3b36ac48d97835bb6d8ade15b8dcce26aba8bf1d14847b57a3373", size = 67615, upload-time = "2025-10-06T13:54:43.17Z" },
]

[[package]]
name = "cachetools"
version = "5.5.2"
source = { registry = "https://pypi.org/simple" }
sdist = { url = "https://files.pythonhosted.org/packages/6c/81/3747dad6b14fa2cf53fcf10548cf5aea6913e96fab41a3c198676f8948a5/cachetools-5.5.2.tar.gz", hash = "sha256:1a661caa9175d26759571b2e19580f9d6393969e5dfca11fdb1f947a23e640d4", size = 28380, upload-time = "2025-02-20T21:01:19.524Z" }
wheels = [
    { url = "https://files.pythonhosted.org/packages/72/76/20fa66124dbe6be5cafeb312ece67de6b61dd91a0247d1ea13db4ebb33c2/cachetools-5.5.2-py3-none-any.whl", hash = "sha256:d26a22bcc62eb95c3beabd9f1ee5e820d3d2704fe2967cbe350e20c8ffcd3f0a", size = 10080, upload-time = "2025-02-20T21:01:16.647Z" },
]

[[package]]
name = "certifi"
version = "2026.1.4"
source = { registry = "https://pypi.org/simple" }
sdist = { url = "https://files.pythonhosted.org/packages/e0/2d/a891ca51311197f6ad14a7ef42e2399f36cf2f9bd44752b3dc4eab60fdc5/certifi-2026.1.4.tar.gz", hash = "sha256:ac726dd470482006e014ad384921ed6438c457018f4b3d204aea4281258b2120", size = 154268, upload-time = "2026-01-04T02:42:41.825Z" }
wheels = [
    { url = "https://files.pythonhosted.org/packages/e6/ad/3cc14f097111b4de0040c83a525973216457bbeeb63739ef1ed275c1c021/certifi-2026.1.4-py3-none-any.whl", hash = "sha256:9943707519e4add1115f44c2bc244f782c0249876bf51b6599fee1ffbedd685c", size = 152900, upload-time = "2026-01-04T02:42:40.15Z" },
]

[[package]]
name = "charset-normalizer"
version = "3.4.4"
source = { registry = "https://pypi.org/simple" }
sdist = { url = "https://files.pythonhosted.org/packages/13/69/33ddede1939fdd074bce5434295f38fae7136463422fe4fd3e0e89b98062/charset_normalizer-3.4.4.tar.gz", hash = "sha256:94537985111c35f28720e43603b8e7b43a6ecfb2ce1d3058bbe955b73404e21a", size = 129418, upload-time = "2025-10-14T04:42:32.879Z" }
wheels = [
    { url = "https://files.pythonhosted.org/packages/46/7c/0c4760bccf082737ca7ab84a4c2034fcc06b1f21cf3032ea98bd6feb1725/charset_normalizer-3.4.4-cp39-cp39-macosx_10_9_universal2.whl", hash = "sha256:a9768c477b9d7bd54bc0c86dbaebdec6f03306675526c9927c0e8a04e8f94af9", size = 209609, upload-time = "2025-10-14T04:42:10.922Z" },
    { url = "https://files.pythonhosted.org/packages/bb/a4/69719daef2f3d7f1819de60c9a6be981b8eeead7542d5ec4440f3c80e111/charset_normalizer-3.4.4-cp39-cp39-manylinux2014_aarch64.manylinux_2_17_aarch64.manylinux_2_28_aarch64.whl", hash = "sha256:1bee1e43c28aa63cb16e5c14e582580546b08e535299b8b6158a7c9c768a1f3d", size = 149029, upload-time = "2025-10-14T04:42:12.38Z" },
    { url = "https://files.pythonhosted.org/packages/e6/21/8d4e1d6c1e6070d3672908b8e4533a71b5b53e71d16828cc24d0efec564c/charset_normalizer-3.4.4-cp39-cp39-manylinux2014_armv7l.manylinux_2_17_armv7l.manylinux_2_31_armv7l.whl", hash = "sha256:fd44c878ea55ba351104cb93cc85e74916eb8fa440ca7903e57575e97394f608", size = 144580, upload-time = "2025-10-14T04:42:13.549Z" },
    { url = "https://files.pythonhosted.org/packages/a7/0a/a616d001b3f25647a9068e0b9199f697ce507ec898cacb06a0d5a1617c99/charset_normalizer-3.4.4-cp39-cp39-manylinux2014_ppc64le.manylinux_2_17_ppc64le.manylinux_2_28_ppc64le.whl", hash = "sha256:0f04b14ffe5fdc8c4933862d8306109a2c51e0704acfa35d51598eb45a1e89fc", size = 162340, upload-time = "2025-10-14T04:42:14.892Z" },
    { url = "https://files.pythonhosted.org/packages/85/93/060b52deb249a5450460e0585c88a904a83aec474ab8e7aba787f45e79f2/charset_normalizer-3.4.4-cp39-cp39-manylinux2014_s390x.manylinux_2_17_s390x.manylinux_2_28_s390x.whl", hash = "sha256:cd09d08005f958f370f539f186d10aec3377d55b9eeb0d796025d4886119d76e", size = 159619, upload-time = "2025-10-14T04:42:16.676Z" },
    { url = "https://files.pythonhosted.org/packages/dd/21/0274deb1cc0632cd587a9a0ec6b4674d9108e461cb4cd40d457adaeb0564/charset_normalizer-3.4.4-cp39-cp39-manylinux2014_x86_64.manylinux_2_17_x86_64.manylinux_2_28_x86_64.whl", hash = "sha256:4fe7859a4e3e8457458e2ff592f15ccb02f3da787fcd31e0183879c3ad4692a1", size = 153980, upload-time = "2025-10-14T04:42:17.917Z" },
    { url = "https://files.pythonhosted.org/packages/28/2b/e3d7d982858dccc11b31906976323d790dded2017a0572f093ff982d692f/charset_normalizer-3.4.4-cp39-cp39-manylinux_2_31_riscv64.manylinux_2_39_riscv64.whl", hash = "sha256:fa09f53c465e532f4d3db095e0c55b615f010ad81803d383195b6b5ca6cbf5f3", size = 152174, upload-time = "2025-10-14T04:42:19.018Z" },
    { url = "https://files.pythonhosted.org/packages/6e/ff/4a269f8e35f1e58b2df52c131a1fa019acb7ef3f8697b7d464b07e9b492d/charset_normalizer-3.4.4-cp39-cp39-musllinux_1_2_aarch64.whl", hash = "sha256:7fa17817dc5625de8a027cb8b26d9fefa3ea28c8253929b8d6649e705d2835b6", size = 151666, upload-time = "2025-10-14T04:42:20.171Z" },
    { url = "https://files.pythonhosted.org/packages/da/c9/ec39870f0b330d58486001dd8e532c6b9a905f5765f58a6f8204926b4a93/charset_normalizer-3.4.4-cp39-cp39-musllinux_1_2_armv7l.whl", hash = "sha256:5947809c8a2417be3267efc979c47d76a079758166f7d43ef5ae8e9f92751f88", size = 145550, upload-time = "2025-10-14T04:42:21.324Z" },
    { url = "https://files.pythonhosted.org/packages/75/8f/d186ab99e40e0ed9f82f033d6e49001701c81244d01905dd4a6924191a30/charset_normalizer-3.4.4-cp39-cp39-musllinux_1_2_ppc64le.whl", hash = "sha256:4902828217069c3c5c71094537a8e623f5d097858ac6ca8252f7b4d10b7560f1", size = 163721, upload-time = "2025-10-14T04:42:22.46Z" },
    { url = "https://files.pythonhosted.org/packages/96/b1/6047663b9744df26a7e479ac1e77af7134b1fcf9026243bb48ee2d18810f/charset_normalizer-3.4.4-cp39-cp39-musllinux_1_2_riscv64.whl", hash = "sha256:7c308f7e26e4363d79df40ca5b2be1c6ba9f02bdbccfed5abddb7859a6ce72cf", size = 152127, upload-time = "2025-10-14T04:42:23.712Z" },
    { url = "https://files.pythonhosted.org/packages/59/78/e5a6eac9179f24f704d1be67d08704c3c6ab9f00963963524be27c18ed87/charset_normalizer-3.4.4-cp39-cp39-musllinux_1_2_s390x.whl", hash = "sha256:2c9d3c380143a1fedbff95a312aa798578371eb29da42106a29019368a475318", size = 161175, upload-time = "2025-10-14T04:42:24.87Z" },
    { url = "https://files.pythonhosted.org/packages/e5/43/0e626e42d54dd2f8dd6fc5e1c5ff00f05fbca17cb699bedead2cae69c62f/charset_normalizer-3.4.4-cp39-cp39-musllinux_1_2_x86_64.whl", hash = "sha256:cb01158d8b88ee68f15949894ccc6712278243d95f344770fa7593fa2d94410c", size = 155375, upload-time = "2025-10-14T04:42:27.246Z" },
    { url = "https://files.pythonhosted.org/packages/e9/91/d9615bf2e06f35e4997616ff31248c3657ed649c5ab9d35ea12fce54e380/charset_normalizer-3.4.4-cp39-cp39-win32.whl", hash = "sha256:2677acec1a2f8ef614c6888b5b4ae4060cc184174a938ed4e8ef690e15d3e505", size = 99692, upload-time = "2025-10-14T04:42:28.425Z" },
    { url = "https://files.pythonhosted.org/packages/d1/a9/6c040053909d9d1ef4fcab45fddec083aedc9052c10078339b47c8573ea8/charset_normalizer-3.4.4-cp39-cp39-win_amd64.whl", hash = "sha256:f8e160feb2aed042cd657a72acc0b481212ed28b1b9a95c0cee1621b524e1966", size = 107192, upload-time = "2025-10-14T04:42:29.482Z" },
    { url = "https://files.pythonhosted.org/packages/f0/c6/4fa536b2c0cd3edfb7ccf8469fa0f363ea67b7213a842b90909ca33dd851/charset_normalizer-3.4.4-cp39-cp39-win_arm64.whl", hash = "sha256:b5d84d37db046c5ca74ee7bb47dd6cbc13f80665fdde3e8040bdd3fb015ecb50", size = 100220, upload-time = "2025-10-14T04:42:30.632Z" },
    { url = "https://files.pythonhosted.org/packages/0a/4c/925909008ed5a988ccbb72dcc897407e5d6d3bd72410d69e051fc0c14647/charset_normalizer-3.4.4-py3-none-any.whl", hash = "sha256:7a32c560861a02ff789ad905a2fe94e3f840803362c84fecf1851cb4cf3dc37f", size = 53402, upload-time = "2025-10-14T04:42:31.76Z" },
]

[[package]]
name = "click"
version = "8.1.8"
source = { registry = "https://pypi.org/simple" }
dependencies = [
    { name = "colorama", marker = "sys_platform == 'win32'" },
]
sdist = { url = "https://files.pythonhosted.org/packages/b9/2e/0090cbf739cee7d23781ad4b89a9894a41538e4fcf4c31dcdd705b78eb8b/click-8.1.8.tar.gz", hash = "sha256:ed53c9d8990d83c2a27deae68e4ee337473f6330c040a31d4225c9574d16096a", size = 226593, upload-time = "2024-12-21T18:38:44.339Z" }
wheels = [
    { url = "https://files.pythonhosted.org/packages/7e/d4/7ebdbd03970677812aac39c869717059dbb71a4cfc033ca6e5221787892c/click-8.1.8-py3-none-any.whl", hash = "sha256:63c132bbbed01578a06712a2d1f497bb62d9c1c0d329b7903a866228027263b2", size = 98188, upload-time = "2024-12-21T18:38:41.666Z" },
]

[[package]]
name = "colorama"
version = "0.4.6"
source = { registry = "https://pypi.org/simple" }
sdist = { url = "https://files.pythonhosted.org/packages/d8/53/6f443c9a4a8358a93a6792e2acffb9d9d5cb0a5cfd8802644b7b1c9a02e4/colorama-0.4.6.tar.gz", hash = "sha256:08695f5cb7ed6e0531a20572697297273c47b8cae5a63ffc6d6ed5c201be6e44", size = 27697, upload-time = "2022-10-25T02:36:22.414Z" }
wheels = [
    { url = "https://files.pythonhosted.org/packages/d1/d6/3965ed04c63042e047cb6a3e6ed1a63a35087b6a609aa3a15ed8ac56c221/colorama-0.4.6-py2.py3-none-any.whl", hash = "sha256:4f1d9991f5acc0ca119f9d443620b77f9d6b33703e51011c16baf57afb285fc6", size = 25335, upload-time = "2022-10-25T02:36:20.889Z" },
]

[[package]]
name = "dnspython"
version = "1.16.0"
source = { registry = "https://pypi.org/simple" }
sdist = { url = "https://files.pythonhosted.org/packages/ec/c5/14bcd63cb6d06092a004793399ec395405edf97c2301dfdc146dfbd5beed/dnspython-1.16.0.zip", hash = "sha256:36c5e8e38d4369a08b6780b7f27d790a292b2b08eea01607865bf0936c558e01", size = 266364, upload-time = "2018-12-08T19:54:12.883Z" }
wheels = [
    { url = "https://files.pythonhosted.org/packages/ec/d3/3aa0e7213ef72b8585747aa0e271a9523e713813b9a20177ebe1e939deb0/dnspython-1.16.0-py2.py3-none-any.whl", hash = "sha256:f69c21288a962f4da86e56c4905b49d11aba7938d3d740e80d9e366ee4f1632d", size = 188353, upload-time = "2018-12-08T19:52:32.154Z" },
]

[[package]]
name = "exceptiongroup"
version = "1.3.1"
source = { registry = "https://pypi.org/simple" }
dependencies = [
    { name = "typing-extensions" },
]
sdist = { url = "https://files.pythonhosted.org/packages/50/79/66800aadf48771f6b62f7eb014e352e5d06856655206165d775e675a02c9/exceptiongroup-1.3.1.tar.gz", hash = "sha256:8b412432c6055b0b7d14c310000ae93352ed6754f70fa8f7c34141f91c4e3219", size = 30371, upload-time = "2025-11-21T23:01:54.787Z" }
wheels = [
    { url = "https://files.pythonhosted.org/packages/8a/0e/97c33bf5009bdbac74fd2beace167cab3f978feb69cc36f1ef79360d6c4e/exceptiongroup-1.3.1-py3-none-any.whl", hash = "sha256:a7a39a3bd276781e98394987d3a5701d0c4edffb633bb7a5144577f82c773598", size = 16740, upload-time = "2025-11-21T23:01:53.443Z" },
]

[[package]]
name = "fastapi"
version = "0.99.1"
source = { registry = "https://pypi.org/simple" }
dependencies = [
    { name = "pydantic" },
    { name = "starlette" },
    { name = "typing-extensions" },
]
sdist = { url = "https://files.pythonhosted.org/packages/22/93/42b9998a6e28eaee90724db439e27a66b7dc6a5b9e85499add1e042141e2/fastapi-0.99.1.tar.gz", hash = "sha256:ac78f717cd80d657bd183f94d33b9bda84aa376a46a9dab513586b8eef1dc6fc", size = 10415416, upload-time = "2023-07-02T16:04:03.669Z" }
wheels = [
    { url = "https://files.pythonhosted.org/packages/73/eb/03b691afa0b5ffa1e93ed34f97ec1e7855c758efbdcfb16c209af0b0506b/fastapi-0.99.1-py3-none-any.whl", hash = "sha256:976df7bab51ac7beda9f68c4513b8c4490b5c1135c72aafd0a5ee4023ec5282e", size = 58366, upload-time = "2023-07-02T16:04:01.515Z" },
]

[[package]]
name = "flask"
version = "2.1.3"
source = { registry = "https://pypi.org/simple" }
dependencies = [
    { name = "click" },
    { name = "importlib-metadata" },
    { name = "itsdangerous" },
    { name = "jinja2" },
    { name = "werkzeug" },
]
sdist = { url = "https://files.pythonhosted.org/packages/5b/77/3accd62b8771954e9584beb03f080385b32ddcad30009d2a4fe4068a05d9/Flask-2.1.3.tar.gz", hash = "sha256:15972e5017df0575c3d6c090ba168b6db90259e620ac8d7ea813a396bad5b6cb", size = 630206, upload-time = "2022-07-13T20:56:00.126Z" }
wheels = [
    { url = "https://files.pythonhosted.org/packages/af/6a/00d144ac1626fbb44c4ff36519712e258128985a5d0ae43344778ae5cbb9/Flask-2.1.3-py3-none-any.whl", hash = "sha256:9013281a7402ad527f8fd56375164f3aa021ecfaff89bfe3825346c24f87e04c", size = 95556, upload-time = "2022-07-13T20:55:57.512Z" },
]

[[package]]
name = "h11"
version = "0.16.0"
source = { registry = "https://pypi.org/simple" }
sdist = { url = "https://files.pythonhosted.org/packages/01/ee/02a2c011bdab74c6fb3c75474d40b3052059d95df7e73351460c8588d963/h11-0.16.0.tar.gz", hash = "sha256:4e35b956cf45792e4caa5885e69fba00bdbc6ffafbfa020300e549b208ee5ff1", size = 101250, upload-time = "2025-04-24T03:35:25.427Z" }
wheels = [
    { url = "https://files.pythonhosted.org/packages/04/4b/29cac41a4d98d144bf5f6d33995617b185d14b22401f75ca86f384e87ff1/h11-0.16.0-py3-none-any.whl", hash = "sha256:63cf8bbe7522de3bf65932fda1d9c2772064ffb3dae62d55932da54b31cb6c86", size = 37515, upload-time = "2025-04-24T03:35:24.344Z" },
]

[[package]]
name = "idna"
version = "3.11"
source = { registry = "https://pypi.org/simple" }
sdist = { url = "https://files.pythonhosted.org/packages/6f/6d/0703ccc57f3a7233505399edb88de3cbd678da106337b9fcde432b65ed60/idna-3.11.tar.gz", hash = "sha256:795dafcc9c04ed0c1fb032c2aa73654d8e8c5023a7df64a53f39190ada629902", size = 194582, upload-time = "2025-10-12T14:55:20.501Z" }
wheels = [
    { url = "https://files.pythonhosted.org/packages/0e/61/66938bbb5fc52dbdf84594873d5b51fb1f7c7794e9c0f5bd885f30bc507b/idna-3.11-py3-none-any.whl", hash = "sha256:771a87f49d9defaf64091e6e6fe9c18d4833f140bd19464795bc32d966ca37ea", size = 71008, upload-time = "2025-10-12T14:55:18.883Z" },
]

[[package]]
name = "importlib-metadata"
version = "8.7.1"
source = { registry = "https://pypi.org/simple" }
dependencies = [
    { name = "zipp" },
]
sdist = { url = "https://files.pythonhosted.org/packages/f3/49/3b30cad09e7771a4982d9975a8cbf64f00d4a1ececb53297f1d9a7be1b10/importlib_metadata-8.7.1.tar.gz", hash = "sha256:49fef1ae6440c182052f407c8d34a68f72efc36db9ca90dc0113398f2fdde8bb", size = 57107, upload-time = "2025-12-21T10:00:19.278Z" }
wheels = [
    { url = "https://files.pythonhosted.org/packages/fa/5e/f8e9a1d23b9c20a551a8a02ea3637b4642e22c2626e3a13a9a29cdea99eb/importlib_metadata-8.7.1-py3-none-any.whl", hash = "sha256:5a1f80bf1daa489495071efbb095d75a634cf28a8bc299581244063b53176151", size = 27865, upload-time = "2025-12-21T10:00:18.329Z" },
]

[[package]]
name = "itsdangerous"
version = "2.2.0"
source = { registry = "https://pypi.org/simple" }
sdist = { url = "https://files.pythonhosted.org/packages/9c/cb/8ac0172223afbccb63986cc25049b154ecfb5e85932587206f42317be31d/itsdangerous-2.2.0.tar.gz", hash = "sha256:e0050c0b7da1eea53ffaf149c0cfbb5c6e2e2b69c4bef22c81fa6eb73e5f6173", size = 54410, upload-time = "2024-04-16T21:28:15.614Z" }
wheels = [
    { url = "https://files.pythonhosted.org/packages/04/96/92447566d16df59b2a776c0fb82dbc4d9e07cd95062562af01e408583fc4/itsdangerous-2.2.0-py3-none-any.whl", hash = "sha256:c6242fc49e35958c8b15141343aa660db5fc54d4f13a1db01a3f5891b98700ef", size = 16234, upload-time = "2024-04-16T21:28:14.499Z" },
]

[[package]]
name = "jinja2"
version = "3.1.6"
source = { registry = "https://pypi.org/simple" }
dependencies = [
    { name = "markupsafe" },
]
sdist = { url = "https://files.pythonhosted.org/packages/df/bf/f7da0350254c0ed7c72f3e33cef02e048281fec7ecec5f032d4aac52226b/jinja2-3.1.6.tar.gz", hash = "sha256:0137fb05990d35f1275a587e9aee6d56da821fc83491a0fb838183be43f66d6d", size = 245115, upload-time = "2025-03-05T20:05:02.478Z" }
wheels = [
    { url = "https://files.pythonhosted.org/packages/62/a1/3d680cbfd5f4b8f15abc1d571870c5fc3e594bb582bc3b64ea099db13e56/jinja2-3.1.6-py3-none-any.whl", hash = "sha256:85ece4451f492d0c13c5dd7c13a64681a86afae63a5f347908daf103ce6d2f67", size = 134899, upload-time = "2025-03-05T20:05:00.369Z" },
]

[[package]]
name = "jsonschema"
version = "4.17.3"
source = { registry = "https://pypi.org/simple" }
dependencies = [
    { name = "attrs" },
    { name = "pyrsistent" },
]
sdist = { url = "https://files.pythonhosted.org/packages/36/3d/ca032d5ac064dff543aa13c984737795ac81abc9fb130cd2fcff17cfabc7/jsonschema-4.17.3.tar.gz", hash = "sha256:0f864437ab8b6076ba6707453ef8f98a6a0d512a80e93f8abdb676f737ecb60d", size = 297785, upload-time = "2022-11-29T20:37:47.453Z" }
wheels = [
    { url = "https://files.pythonhosted.org/packages/c1/97/c698bd9350f307daad79dd740806e1a59becd693bd11443a0f531e3229b3/jsonschema-4.17.3-py3-none-any.whl", hash = "sha256:a870ad254da1a8ca84b6a2905cac29d265f805acc57af304784962a2aa6508f6", size = 90379, upload-time = "2022-11-29T20:37:45.842Z" },
]

[[package]]
name = "man10shopv3"
version = "0.2.3"
source = { virtual = "." }
dependencies = [
    { name = "cachetools" },
    { name = "fastapi" },
    { name = "flask" },
    { name = "jsonschema" },
    { name = "pydantic" },
    { name = "pyhumps" },
    { name = "pymongo", extra = ["srv"] },
    { name = "requests" },
    { name = "tqdm" },
    { name = "uvicorn" },
    { name = "werkzeug" },
]

[package.metadata]
requires-dist = [
    { name = "cachetools", specifier = "==5.5.2" },
    { name = "fastapi", specifier = "~=0.99.0" },
    { name = "flask", specifier = "==2.1.3" },
    { name = "jsonschema", specifier = "==4.17.3" },
    { name = "pydantic", specifier = "~=1.10.10" },
    { name = "pyhumps", specifier = "==3.8.0" },
    { name = "pymongo", extras = ["srv"], specifier = "==3.12.0" },
    { name = "requests", specifier = "==2.31.0" },
    { name = "tqdm", specifier = "==4.65.0" },
    { name = "uvicorn", specifier = "~=0.22.0" },
    { name = "werkzeug", specifier = "==2.2.2" },
]

[[package]]
name = "markupsafe"
version = "3.0.3"
source = { registry = "https://pypi.org/simple" }
sdist = { url = "https://files.pythonhosted.org/packages/7e/99/7690b6d4034fffd95959cbe0c02de8deb3098cc577c67bb6a24fe5d7caa7/markupsafe-3.0.3.tar.gz", hash = "sha256:722695808f4b6457b320fdc131280796bdceb04ab50fe1795cd540799ebe1698", size = 80313, upload-time = "2025-09-27T18:37:40.426Z" }
wheels = [
    { url = "https://files.pythonhosted.org/packages/56/23/0d8c13a44bde9154821586520840643467aee574d8ce79a17da539ee7fed/markupsafe-3.0.3-cp39-cp39-macosx_10_9_x86_64.whl", hash = "sha256:15d939a21d546304880945ca1ecb8a039db6b4dc49b2c5a400387cdae6a62e26", size = 11623, upload-time = "2025-09-27T18:37:29.296Z" },
    { url = "https://files.pythonhosted.org/packages/fd/23/07a2cb9a8045d5f3f0890a8c3bc0859d7a47bfd9a560b563899bec7b72ed/markupsafe-3.0.3-cp39-cp39-macosx_11_0_arm64.whl", hash = "sha256:f71a396b3bf33ecaa1626c255855702aca4d3d9fea5e051b41ac59a9c1c41edc", size = 12049, upload-time = "2025-09-27T18:37:30.234Z" },
    { url = "https://files.pythonhosted.org/packages/bc/e4/6be85eb81503f8e11b61c0b6369b6e077dcf0a74adbd9ebf6b349937b4e9/markupsafe-3.0.3-cp39-cp39-manylinux2014_aarch64.manylinux_2_17_aarch64.manylinux_2_28_aarch64.whl", hash = "sha256:0f4b68347f8c5eab4a13419215bdfd7f8c9b19f2b25520968adfad23eb0ce60c", size = 21923, upload-time = "2025-09-27T18:37:31.177Z" },
    { url = "https://files.pythonhosted.org/packages/6f/bc/4dc914ead3fe6ddaef035341fee0fc956949bbd27335b611829292b89ee2/markupsafe-3.0.3-cp39-cp39-manylinux2014_x86_64.manylinux_2_17_x86_64.manylinux_2_28_x86_64.whl", hash = "sha256:e8fc20152abba6b83724d7ff268c249fa196d8259ff481f3b1476383f8f24e42", size = 20543, upload-time = "2025-09-27T18:37:32.168Z" },
    { url = "https://files.pythonhosted.org/packages/89/6e/5fe81fbcfba4aef4093d5f856e5c774ec2057946052d18d168219b7bd9f9/markupsafe-3.0.3-cp39-cp39-manylinux_2_31_riscv64.manylinux_2_39_riscv64.whl", hash = "sha256:949b8d66bc381ee8b007cd945914c721d9aba8e27f71959d750a46f7c282b20b", size = 20585, upload-time = "2025-09-27T18:37:33.166Z" },
    { url = "https://files.pythonhosted.org/packages/f6/f6/e0e5a3d3ae9c4020f696cd055f940ef86b64fe88de26f3a0308b9d3d048c/markupsafe-3.0.3-cp39-cp39-musllinux_1_2_aarch64.whl", hash = "sha256:3537e01efc9d4dccdf77221fb1cb3b8e1a38d5428920e0657ce299b20324d758", size = 21387, upload-time = "2025-09-27T18:37:34.185Z" },
    { url = "https://files.pythonhosted.org/packages/c8/25/651753ef4dea08ea790f4fbb65146a9a44a014986996ca40102e237aa49a/markupsafe-3.0.3-cp39-cp39-musllinux_1_2_riscv64.whl", hash = "sha256:591ae9f2a647529ca990bc681daebdd52c8791ff06c2bfa05b65163e28102ef2", size = 20133, upload-time = "2025-09-27T18:37:35.138Z" },
    { url = "https://files.pythonhosted.org/packages/dc/0a/c3cf2b4fef5f0426e8a6d7fce3cb966a17817c568ce59d76b92a233fdbec/markupsafe-3.0.3-cp39-cp39-musllinux_1_2_x86_64.whl", hash = "sha256:a320721ab5a1aba0a233739394eb907f8c8da5c98c9181d1161e77a0c8e36f2d", size = 20588, upload-time = "2025-09-27T18:37:36.096Z" },
    { url = "https://files.pythonhosted.org/packages/cd/1b/a7782984844bd519ad4ffdbebbba2671ec5d0ebbeac34736c15fb86399e8/markupsafe-3.0.3-cp39-cp39-win32.whl", hash = "sha256:df2449253ef108a379b8b5d6b43f4b1a8e81a061d6537becd5582fba5f9196d7", size = 14566, upload-time = "2025-09-27T18:37:37.09Z" },
    { url = "https://files.pythonhosted.org/packages/18/1f/8d9c20e1c9440e215a44be5ab64359e207fcb4f675543f1cf9a2a7f648d0/markupsafe-3.0.3-cp39-cp39-win_amd64.whl", hash = "sha256:7c3fb7d25180895632e5d3148dbdc29ea38ccb7fd210aa27acbd1201a1902c6e", size = 15053, upload-time = "2025-09-27T18:37:38.054Z" },
    { url = "https://files.pythonhosted.org/packages/4e/d3/fe08482b5cd995033556d45041a4f4e76e7f0521112a9c9991d40d39825f/markupsafe-3.0.3-cp39-cp39-win_arm64.whl", hash = "sha256:38664109c14ffc9e7437e86b4dceb442b0096dfe3541d7864d9cbe1da4cf36c8", size = 13928, upload-time = "2025-09-27T18:37:39.037Z" },
]

[[package]]
name = "pydantic"
version = "1.10.26"
source = { registry = "https://pypi.org/simple" }
dependencies = [
    { name = "typing-extensions" },
]
sdist = { url = "https://files.pythonhosted.org/packages/7b/da/fd89f987a376c807cd81ea0eff4589aade783bbb702637b4734ef2c743a2/pydantic-1.10.26.tar.gz", hash = "sha256:8c6aa39b494c5af092e690127c283d84f363ac36017106a9e66cb33a22ac412e", size = 357906, upload-time = "2025-12-18T15:47:46.557Z" }
wheels = [
    { url = "https://files.pythonhosted.org/packages/e1/8a/3a5a6267d5f03617b5c0f1985aa9fdfbafd33a50ef6dadd866a15ed4d123/pydantic-1.10.26-cp39-cp39-macosx_10_9_x86_64.whl", hash = "sha256:502b9d30d18a2dfaf81b7302f6ba0e5853474b1c96212449eb4db912cb604b7d", size = 2457039, upload-time = "2025-12-18T15:47:34.584Z" },
    { url = "https://files.pythonhosted.org/packages/f3/fa/343ac0db26918a033ac6256c036d72c3b6eb1196b7de622e2e8a94b19079/pydantic-1.10.26-cp39-cp39-macosx_11_0_arm64.whl", hash = "sha256:0d8f6087bf697dec3bf7ffcd7fe8362674f16519f3151789f33cbe8f1d19fc15", size = 2266441, upload-time = "2025-12-18T15:47:36.807Z" },
    { url = "https://files.pythonhosted.org/packages/fc/36/1ab48136578608dba2f2a62e452f3db2083b474d4e49be5749c6ae0c123c/pydantic-1.10.26-cp39-cp39-manylinux2014_x86_64.manylinux_2_17_x86_64.whl", hash = "sha256:dd40a99c358419910c85e6f5d22f9c56684c25b5e7abc40879b3b4a52f34ae90", size = 2869383, upload-time = "2025-12-18T15:47:38.883Z" },
    { url = "https://files.pythonhosted.org/packages/a2/25/41dbf1bffc31eb242cece8080561a4133eaeb513372dec36a84477a3fb71/pydantic-1.10.26-cp39-cp39-musllinux_1_2_x86_64.whl", hash = "sha256:ce3293b86ca9f4125df02ff0a70be91bc7946522467cbd98e7f1493f340616ba", size = 2963582, upload-time = "2025-12-18T15:47:40.854Z" },
    { url = "https://files.pythonhosted.org/packages/61/2f/f072ae160a300c85eb9f059915101fd33dacf12d8df08c2b804acb3b95d1/pydantic-1.10.26-cp39-cp39-win_amd64.whl", hash = "sha256:1a4e3062b71ab1d5df339ba12c48f9ed5817c5de6cb92a961dd5c64bb32e7b96", size = 2075530, upload-time = "2025-12-18T15:47:43.181Z" },
    { url = "https://files.pythonhosted.org/packages/1f/98/556e82f00b98486def0b8af85da95e69d2be7e367cf2431408e108bc3095/pydantic-1.10.26-py3-none-any.whl", hash = "sha256:c43ad70dc3ce7787543d563792426a16fd7895e14be4b194b5665e36459dd917", size = 166975, upload-time = "2025-12-18T15:47:44.927Z" },
]

[[package]]
name = "pyhumps"
version = "3.8.0"
source = { registry = "https://pypi.org/simple" }
sdist = { url = "https://files.pythonhosted.org/packages/c4/83/fa6f8fb7accb21f39e8f2b6a18f76f6d90626bdb0a5e5448e5cc9b8ab014/pyhumps-3.8.0.tar.gz", hash = "sha256:498026258f7ee1a8e447c2e28526c0bea9407f9a59c03260aee4bd6c04d681a3", size = 9018, upload-time = "2022-10-21T10:38:59.496Z" }
wheels = [
    { url = "https://files.pythonhosted.org/packages/9e/11/a1938340ecb32d71e47ad4914843775011e6e9da59ba1229f181fef3119e/pyhumps-3.8.0-py3-none-any.whl", hash = "sha256:060e1954d9069f428232a1adda165db0b9d8dfdce1d265d36df7fbff540acfd6", size = 6095, upload-time = "2022-10-21T10:38:58.231Z" },
]

[[package]]
name = "pymongo"
version = "3.12.0"
source = { registry = "https://pypi.org/simple" }
sdist = { url = "https://files.pythonhosted.org/packages/38/f2/f3e8be03c9994354a5e6c542b6cd76550127f202fcc3a328e1324ee68317/pymongo-3.12.0.tar.gz", hash = "sha256:b88d1742159bc93a078733f9789f563cef26f5e370eba810476a71aa98e5fbc2", size = 818554, upload-time = "2021-07-13T23:11:18.936Z" }
wheels = [
    { url = "https://files.pythonhosted.org/packages/36/ce/57eaf6c7f93b15a13776680c07416076c0a672624181818050c02ec3f855/pymongo-3.12.0-cp39-cp39-macosx_10_9_x86_64.whl", hash = "sha256:cda9e628b1315beec8341e8c04aac9a0b910650b05e0751e42e399d5694aeacb", size = 394145, upload-time = "2021-07-13T23:10:16.24Z" },
    { url = "https://files.pythonhosted.org/packages/0f/32/142ad030303d37dafe94bbbc3261cb02aca3d2d0f9cc4ecbdf04cc52b0ca/pymongo-3.12.0-cp39-cp39-manylinux1_i686.whl", hash = "sha256:845a8b83798b2fb11b09928413cb32692866bfbc28830a433d9fa4c8c3720dd0", size = 525145, upload-time = "2021-07-13T23:10:26.225Z" },
    { url = "https://files.pythonhosted.org/packages/8c/c0/2a0c64581c0d3c20dae1ae4cd453b7afd28e80e9dd32ad97a9bb9eba7f2c/pymongo-3.12.0-cp39-cp39-manylinux1_x86_64.whl", hash = "sha256:da8288bc4a7807c6715416deed1c57d94d5e03e93537889e002bf985be503f1a", size = 514139, upload-time = "2021-07-13T23:10:30.379Z" },
    { url = "https://files.pythonhosted.org/packages/52/5d/f99d7d51953b68ee6f31db5f2314573ec9f33ae0334333b6b0e344ed0eab/pymongo-3.12.0-cp39-cp39-manylinux2014_aarch64.whl", hash = "sha256:a9ba2a63777027b06b116e1ea8248e66fd1bedc2c644f93124b81a91ddbf6d88", size = 531845, upload-time = "2021-07-13T23:10:33.044Z" },
    { url = "https://files.pythonhosted.org/packages/26/e6/9a087a30e3aeb6935036e9cfe6bb2c63229cdb06405ce9f732f5de6e38bb/pymongo-3.12.0-cp39-cp39-manylinux2014_i686.whl", hash = "sha256:9a13661681d17e43009bb3e85e837aa1ec5feeea1e3654682a01b8821940f8b3", size = 525147, upload-time = "2021-07-13T23:10:38.489Z" },
    { url = "https://files.pythonhosted.org/packages/30/db/68da4336b04fef94acbbf45781264c11ede6ee8143a300e98d85c6c877d7/pymongo-3.12.0-cp39-cp39-manylinux2014_ppc64le.whl", hash = "sha256:6b89dc51206e4971c5568c797991eaaef5dc2a6118d67165858ad11752dba055", size = 539719, upload-time = "2021-07-13T23:10:40.959Z" },
    { url = "https://files.pythonhosted.org/packages/de/1e/e6c8dea43864ff5ff6010b5db06af19b43a36612ebbe598f1a0ab1b6bbff/pymongo-3.12.0-cp39-cp39-manylinux2014_s390x.whl", hash = "sha256:701e08457183da70ed96b35a6b43e6ba1df0b47c837b063cde39a1fbe1aeda81", size = 534788, upload-time = "2021-07-13T23:10:44.998Z" },
    { url = "https://files.pythonhosted.org/packages/9e/21/f1b17db80e9eaf2bcfe65b51755b1108444f2001e9db90c5643ab261ec62/pymongo-3.12.0-cp39-cp39-manylinux2014_x86_64.whl", hash = "sha256:e7a33322e08021c37e89cae8ff06327503e8a1719e97c69f32c31cbf6c30d72c", size = 531913, upload-time = "2021-07-13T23:10:54.209Z" },
    { url = "https://files.pythonhosted.org/packages/d1/fa/719bb07efa8b7c9646ffaecc98576682f48a0604a24530dc6f8dc6a94f74/pymongo-3.12.0-cp39-cp39-manylinux_2_17_aarch64.manylinux2014_aarch64.whl", hash = "sha256:dd1f49f949a658c4e8f81ed73f9aad25fcc7d4f62f767f591e749e30038c4e1d", size = 531822, upload-time = "2021-07-14T22:20:28.395Z" },
    { url = "https://files.pythonhosted.org/packages/0d/0d/3c212a95ae980065a018d5fc0fd512e9b3598cddf5ae8db0cf6bf9aacb9a/pymongo-3.12.0-cp39-cp39-manylinux_2_17_ppc64le.manylinux2014_ppc64le.whl", hash = "sha256:a6d055f01b83b1a4df8bb0c61983d3bdffa913764488910af3620e5c2450bf83", size = 539697, upload-time = "2021-07-14T22:20:31.669Z" },
    { url = "https://files.pythonhosted.org/packages/77/0f/8167521f94401d2d211a8996725d0057bd708c1626bf8615f9fbd1b8280e/pymongo-3.12.0-cp39-cp39-manylinux_2_17_s390x.manylinux2014_s390x.whl", hash = "sha256:dd6ff2192f34bd622883c745a56f492b1c9ccd44e14953e8051c33024a2947d5", size = 534770, upload-time = "2021-07-14T22:20:36.391Z" },
    { url = "https://files.pythonhosted.org/packages/67/8a/3fa2090762a48a5f3544d188db456b93e23a16d177cf18434de9a246f216/pymongo-3.12.0-cp39-cp39-manylinux_2_17_x86_64.manylinux2014_x86_64.whl", hash = "sha256:19d4bd0fc29aa405bb1781456c9cfff9fceabb68543741eb17234952dbc2bbb0", size = 531886, upload-time = "2021-07-14T22:20:39.406Z" },
    { url = "https://files.pythonhosted.org/packages/af/32/5c679f7eddbded86bdcef2f1aabded2413c1ed54ad74bffeda5f9f6015b4/pymongo-3.12.0-cp39-cp39-manylinux_2_5_i686.manylinux1_i686.manylinux_2_17_i686.manylinux2014_i686.whl", hash = "sha256:24f8aeec4d6b894a6128844e50ff423dd02462ee83addf503c598ee3a80ddf3d", size = 525127, upload-time = "2021-07-14T22:20:43.095Z" },
    { url = "https://files.pythonhosted.org/packages/43/9e/7f2fdfe86f1d59df51dad850cff821a67f4f780f4f9d8e85127507889ace/pymongo-3.12.0-cp39-cp39-manylinux_2_5_i686.manylinux1_i686.whl", hash = "sha256:0b6055e0ef451ff73c93d0348d122a0750dddf323b9361de5835dac2f6cf7fc1", size = 498479, upload-time = "2021-07-14T22:20:45.339Z" },
    { url = "https://files.pythonhosted.org/packages/cb/d4/fbab1bae1e90338b659a3452215f7c46a25ef5bae208d7758d9034f2d443/pymongo-3.12.0-cp39-cp39-manylinux_2_5_x86_64.manylinux1_x86_64.whl", hash = "sha256:6261bee7c5abadeac7497f8f1c43e521da78dd13b0a2439f526a7b0fc3788824", size = 514116, upload-time = "2021-07-14T22:20:49.11Z" },
    { url = "https://files.pythonhosted.org/packages/ba/bb/1d2ba81c687519684a3e46efbd0982eda42a76a2e32baafb3e3b83bf4c3b/pymongo-3.12.0-cp39-cp39-win32.whl", hash = "sha256:2e92aa32300a0b5e4175caec7769f482b292769807024a86d674b3f19b8e3755", size = 391776, upload-time = "2021-07-13T23:10:59.039Z" },
    { url = "https://files.pythonhosted.org/packages/73/9d/2ab0027be0b5202e7f9264f1c47748f6a0b74752f66a64efc3710ade0b0e/pymongo-3.12.0-cp39-cp39-win_amd64.whl", hash = "sha256:3ce83f17f641a62a4dfb0ba1b8a3c1ced7c842f511b5450d90c030c7828e3693", size = 397448, upload-time = "2021-07-13T23:11:03.074Z" },
]

[package.optional-dependencies]
srv = [
    { name = "dnspython" },
]

[[package]]
name = "pyrsistent"
version = "0.20.0"
source = { registry = "https://pypi.org/simple" }
sdist = { url = "https://files.pythonhosted.org/packages/ce/3a/5031723c09068e9c8c2f0bc25c3a9245f2b1d1aea8396c787a408f2b95ca/pyrsistent-0.20.0.tar.gz", hash = "sha256:4c48f78f62ab596c679086084d0dd13254ae4f3d6c72a83ffdf5ebdef8f265a4", size = 103642, upload-time = "2023-10-25T21:06:56.342Z" }
wheels = [
    { url = "https://files.pythonhosted.org/packages/18/0c/289126299fcebf54fd01d385fb5176c328fef2c4233139c23dd48346e992/pyrsistent-0.20.0-cp39-cp39-macosx_10_9_universal2.whl", hash = "sha256:ca52d1ceae015859d16aded12584c59eb3825f7b50c6cfd621d4231a6cc624ce", size = 83379, upload-time = "2023-10-25T21:06:45.585Z" },
    { url = "https://files.pythonhosted.org/packages/4e/45/62639d53ac09eaafc00f2e5845565e70d3eddb2d296337a77637186ca03e/pyrsistent-0.20.0-cp39-cp39-manylinux_2_17_aarch64.manylinux2014_aarch64.whl", hash = "sha256:b318ca24db0f0518630e8b6f3831e9cba78f099ed5c1d65ffe3e023003043ba0", size = 117740, upload-time = "2023-10-25T21:06:46.918Z" },
    { url = "https://files.pythonhosted.org/packages/ab/12/24b9a6ef7b991b6722756e0aa169a39463af2b8ed0fb526f0a00aae34ea4/pyrsistent-0.20.0-cp39-cp39-manylinux_2_17_x86_64.manylinux2014_x86_64.whl", hash = "sha256:fed2c3216a605dc9a6ea50c7e84c82906e3684c4e80d2908208f662a6cbf9022", size = 117457, upload-time = "2023-10-25T21:06:48.911Z" },
    { url = "https://files.pythonhosted.org/packages/19/3c/ab06510f86bc0934b77ade41948924ff1f33dcd3433f32feca2028218837/pyrsistent-0.20.0-cp39-cp39-manylinux_2_5_i686.manylinux1_i686.manylinux_2_17_i686.manylinux2014_i686.whl", hash = "sha256:2e14c95c16211d166f59c6611533d0dacce2e25de0f76e4c140fde250997b3ca", size = 114280, upload-time = "2023-10-25T21:06:50.503Z" },
    { url = "https://files.pythonhosted.org/packages/ee/b1/1275bbfb929854d20e72aa2bbfb50ea3b1d7d41a95848b353691875e2817/pyrsistent-0.20.0-cp39-cp39-win32.whl", hash = "sha256:f058a615031eea4ef94ead6456f5ec2026c19fb5bd6bfe86e9665c4158cf802f", size = 60764, upload-time = "2023-10-25T21:06:52.093Z" },
    { url = "https://files.pythonhosted.org/packages/28/77/0d7af973c0e3b1b83d8b45943601f77f85b943007e3a4d8744f7102c652b/pyrsistent-0.20.0-cp39-cp39-win_amd64.whl", hash = "sha256:58b8f6366e152092194ae68fefe18b9f0b4f89227dfd86a07770c3d86097aebf", size = 63289, upload-time = "2023-10-25T21:06:53.221Z" },
    { url = "https://files.pythonhosted.org/packages/23/88/0acd180010aaed4987c85700b7cc17f9505f3edb4e5873e4dc67f613e338/pyrsistent-0.20.0-py3-none-any.whl", hash = "sha256:c55acc4733aad6560a7f5f818466631f07efc001fd023f34a6c203f8b6df0f0b", size = 58106, upload-time = "2023-10-25T21:06:54.387Z" },
]

[[package]]
name = "requests"
version = "2.31.0"
source = { registry = "https://pypi.org/simple" }
dependencies = [
    { name = "certifi" },
    { name = "charset-normalizer" },
    { name = "idna" },
    { name = "urllib3" },
]
sdist = { url = "https://files.pythonhosted.org/packages/9d/be/10918a2eac4ae9f02f6cfe6414b7a155ccd8f7f9d4380d62fd5b955065c3/requests-2.31.0.tar.gz", hash = "sha256:942c5a758f98d790eaed1a29cb6eefc7ffb0d1cf7af05c3d2791656dbd6ad1e1", size = 110794, upload-time = "2023-05-22T15:12:44.175Z" }
wheels = [
    { url = "https://files.pythonhosted.org/packages/70/8e/0e2d847013cb52cd35b38c009bb167a1a26b2ce6cd6965bf26b47bc0bf44/requests-2.31.0-py3-none-any.whl", hash = "sha256:58cd2187c01e70e6e26505bca751777aa9f2ee0b7f4300988b709f44e013003f", size = 62574, upload-time = "2023-05-22T15:12:42.313Z" },
]

[[package]]
name = "starlette"
version = "0.27.0"
source = { registry = "https://pypi.org/simple" }
dependencies = [
    { name = "anyio" },
    { name = "typing-extensions" },
]
sdist = { url = "https://files.pythonhosted.org/packages/06/68/559bed5484e746f1ab2ebbe22312f2c25ec62e4b534916d41a8c21147bf8/starlette-0.27.0.tar.gz", hash = "sha256:6a6b0d042acb8d469a01eba54e9cda6cbd24ac602c4cd016723117d6a7e73b75", size = 51394, upload-time = "2023-05-16T10:59:56.286Z" }
wheels = [
    { url = "https://files.pythonhosted.org/packages/58/f8/e2cca22387965584a409795913b774235752be4176d276714e15e1a58884/starlette-0.27.0-py3-none-any.whl", hash = "sha256:918416370e846586541235ccd38a474c08b80443ed31c578a418e2209b3eef91", size = 66978, upload-time = "2023-05-16T10:59:53.927Z" },
]

[[package]]
name = "tqdm"
version = "4.65.0"
source = { registry = "https://pypi.org/simple" }
dependencies = [
    { name = "colorama", marker = "sys_platform == 'win32'" },
]
sdist = { url = "https://files.pythonhosted.org/packages/3d/78/81191f56abb7d3d56963337dbdff6aa4f55805c8afd8bad64b0a34199e9b/tqdm-4.65.0.tar.gz", hash = "sha256:1871fb68a86b8fb3b59ca4cdd3dcccbc7e6d613eeed31f4c332531977b89beb5", size = 167542, upload-time = "2023-03-03T21:17:29.945Z" }
wheels = [
    { url = "https://files.pythonhosted.org/packages/e6/02/a2cff6306177ae6bc73bc0665065de51dfb3b9db7373e122e2735faf0d97/tqdm-4.65.0-py3-none-any.whl", hash = "sha256:c4f53a17fe37e132815abceec022631be8ffe1b9381c2e6e30aa70edc99e9671", size = 77094, upload-time = "2023-03-03T21:17:26.348Z" },
]

[[package]]
name = "typing-extensions"
version = "4.15.0"
source = { registry = "https://pypi.org/simple" }
sdist = { url = "https://files.pythonhosted.org/packages/72/94/1a15dd82efb362ac84269196e94cf00f187f7ed21c242792a923cdb1c61f/typing_extensions-4.15.0.tar.gz", hash = "sha256:0cea48d173cc12fa28ecabc3b837ea3cf6f38c6d1136f85cbaaf598984861466", size = 109391, upload-time = "2025-08-25T13:49:26.313Z" }
wheels = [
    { url = "https://files.pythonhosted.org/packages/18/67/36e9267722cc04a6b9f15c7f3441c2363321a3ea07da7ae0c0707beb2a9c/typing_extensions-4.15.0-py3-none-any.whl", hash = "sha256:f0fa19c6845758ab08074a0cfa8b7aecb71c999ca73d62883bc25cc018c4e548", size = 44614, upload-time = "2025-08-25T13:49:24.86Z" },
]

[[package]]
name = "urllib3"
version = "2.6.3"
source = { registry = "https://pypi.org/simple" }
sdist = { url = "https://files.pythonhosted.org/packages/c7/24/5f1b3bdffd70275f6661c76461e25f024d5a38a46f04aaca912426a2b1d3/urllib3-2.6.3.tar.gz", hash = "sha256:1b62b6884944a57dbe321509ab94fd4d3b307075e0c2eae991ac71ee15ad38ed", size = 435556, upload-time = "2026-01-07T16:24:43.925Z" }
wheels = [
    { url = "https://files.pythonhosted.org/packages/39/08/aaaad47bc4e9dc8c725e68f9d04865dbcb2052843ff09c97b08904852d84/urllib3-2.6.3-py3-none-any.whl", hash = "sha256:bf272323e553dfb2e87d9bfd225ca7b0f467b919d7bbd355436d3fd37cb0acd4", size = 131584, upload-time = "2026-01-07T16:24:42.685Z" },
]

[[package]]
name = "uvicorn"
version = "0.22.0"
source = { registry = "https://pypi.org/simple" }
dependencies = [
    { name = "click" },
    { name = "h11" },
]
sdist = { url = "https://files.pythonhosted.org/packages/c6/dd/0d3bab50ab4ef8bec849f89fec2adc2fabcc397018c30e57d9f0d4009c5e/uvicorn-0.22.0.tar.gz", hash = "sha256:79277ae03db57ce7d9aa0567830bbb51d7a612f54d6e1e3e92da3ef24c2c8ed8", size = 37688, upload-time = "2023-04-28T00:53:40.158Z" }
wheels = [
    { url = "https://files.pythonhosted.org/packages/ad/bd/d47ee02312640fcf26c7e1c807402d5c5eab468571153a94ec8f7ada0e46/uvicorn-0.22.0-py3-none-any.whl", hash = "sha256:e9434d3bbf05f310e762147f769c9f21235ee118ba2d2bf1155a7196448bd996", size = 58345, upload-time = "2023-04-28T00:53:38.517Z" },
]

[[package]]
name = "werkzeug"
version = "2.2.2"
source = { registry = "https://pypi.org/simple" }
dependencies = [
    { name = "markupsafe" },
]
sdist = { url = "https://files.pythonhosted.org/packages/f8/c1/1c8e539f040acd80f844c69a5ef8e2fccdf8b442dabb969e497b55d544e1/Werkzeug-2.2.2.tar.gz", hash = "sha256:7ea2d48322cc7c0f8b3a215ed73eabd7b5d75d0b50e31ab006286ccff9e00b8f", size = 844378, upload-time = "2022-08-08T21:44:15.376Z" }
wheels = [
    { url = "https://files.pythonhosted.org/packages/c8/27/be6ddbcf60115305205de79c29004a0c6bc53cec814f733467b1bb89386d/Werkzeug-2.2.2-py3-none-any.whl", hash = "sha256:f979ab81f58d7318e064e99c4506445d60135ac5cd2e177a2de0089bfd4c9bd5", size = 232700, upload-time = "2022-08-08T21:44:13.251Z" },
]

[[package]]
name = "zipp"
version = "3.23.0"
source = { registry = "https://pypi.org/simple" }
sdist = { url = "https://files.pythonhosted.org/packages/e3/02/0f2892c661036d50ede074e376733dca2ae7c6eb617489437771209d4180/zipp-3.23.0.tar.gz", hash = "sha256:a07157588a12518c9d4034df3fbbee09c814741a33ff63c05fa29d26a2404166", size = 25547, upload-time = "2025-06-08T17:06:39.4Z" }
wheels = [
    { url = "https://files.pythonhosted.org/packages/2e/54/647ade08bf0db230bfea292f893923872fd20be6ac6f53b2b936ba839d75/zipp-3.23.0-py3-none-any.whl", hash = "sha256:071652d6115ed432f5ce1d34c336c0adfd6a884660d1e9712a256d3d3bd4b14e", size = 10276, upload-time = "2025-06-08T17:06:38.034Z" },
]
